
Microsoft Visual Studio Solution File, Format Version 12.00
# Visual Studio Version 17
VisualStudioVersion = 17.2.32616.157
MinimumVisualStudioVersion = 10.0.40219.1
Project("{FAE04EC0-301F-11D3-BF4B-00C04F79EFBC}") = "ProyectoFinal", "ProyectoFinal\ProyectoFinal.csproj", "{45598D23-5ED7-4C45-B494-A5AD90368568}"
EndProject
Global
	GlobalSection(SolutionConfigurationPlatforms) = preSolution
		Debug|Any CPU = Debug|Any CPU
		Release|Any CPU = Release|Any CPU
	EndGlobalSection
	GlobalSection(ProjectConfigurationPlatforms) = postSolution
		{45598D23-5ED7-4C45-B494-A5AD90368568}.Debug|Any CPU.ActiveCfg = Debug|Any CPU
		{45598D23-5ED7-4C45-B494-A5AD90368568}.Debug|Any CPU.Build.0 = Debug|Any CPU
		{45598D23-5ED7-4C45-B494-A5AD90368568}.Release|Any CPU.ActiveCfg = Release|Any CPU
		{45598D23-5ED7-4C45-B494-A5AD90368568}.Release|Any CPU.Build.0 = Release|Any CPU
	EndGlobalSection
	GlobalSection(SolutionProperties) = preSolution
		HideSolutionNode = FALSE
	EndGlobalSection
	GlobalSection(ExtensibilityGlobals) = postSolution
		SolutionGuid = {0B8DDEB0-4782-43AB-AB88-130E42CA1F81}
	EndGlobalSection
EndGlobal
